{
  "name": "vehiculo",
  "version": "1.0.0",
  "lockfileVersion": 1,
  "requires": true,
  "dependencies": {
    "@types/bson": {
      "version": "4.0.3",
      "resolved": "https://registry.npmjs.org/@types/bson/-/bson-4.0.3.tgz",
      "integrity": "sha512-mVRvYnTOZJz3ccpxhr3wgxVmSeiYinW+zlzQz3SXWaJmD1DuL05Jeq7nKw3SnbKmbleW5qrLG5vdyWe/A9sXhw==",
      "requires": {
        "@types/node": "*"
      }
    },
    "@types/mongodb": {
      "version": "3.5.29",
      "resolved": "https://registry.npmjs.org/@types/mongodb/-/mongodb-3.5.29.tgz",
      "integrity": "sha512-aFEMjwSMJ6pstVDwDP4k7cys1iCbAGL01mAp5opOdbK9jv6JmwvYgpGje22Mp2HtrKq5Seea+5ti7CQ/Ovyw2Q==",
      "requires": {
        "@types/bson": "*",
        "@types/node": "*"
      }
    },
    "@types/mongoose": {
      "version": "5.7.36",
      "resolved": "https://registry.npmjs.org/@types/mongoose/-/mongoose-5.7.36.tgz",
      "integrity": "sha512-ggFXgvkHgCNlT35B9d/heDYfSqOSwTmQjkRoR32sObGV5Xjd0N0WWuYlLzqeCg94j4hYN/OZxZ1VNNLltX/IVQ==",
      "requires": {
        "@types/mongodb": "*",
        "@types/node": "*"
      }
    },
    "@types/node": {
      "version": "14.11.11",
      "resolved": "https://registry.npmjs.org/@types/node/-/node-14.11.11.tgz",
      "integrity": "sha512-UcaAZrL8uO5GNS+NLxkYg1RiOMgdLxCXGqs+TTupltXN8rTvUEKTOpqCV3tlcAIZJXzcBQajzmjdrvuPvnuMUw=="
    }
  }
}
